
Microsoft Visual Studio Solution File, Format Version 12.00
# Visual Studio Version 17
VisualStudioVersion = 17.2.32630.192
MinimumVisualStudioVersion = 10.0.40219.1
Project("{FAE04EC0-301F-11D3-BF4B-00C04F79EFBC}") = "Projeto_janela", "Projeto_janela\Projeto_janela.csproj", "{58C2FEC1-3234-495B-8505-0D13AB74DB39}"
EndProject
Global
	GlobalSection(SolutionConfigurationPlatforms) = preSolution
		Debug|Any CPU = Debug|Any CPU
		Release|Any CPU = Release|Any CPU
	EndGlobalSection
	GlobalSection(ProjectConfigurationPlatforms) = postSolution
		{58C2FEC1-3234-495B-8505-0D13AB74DB39}.Debug|Any CPU.ActiveCfg = Debug|Any CPU
		{58C2FEC1-3234-495B-8505-0D13AB74DB39}.Debug|Any CPU.Build.0 = Debug|Any CPU
		{58C2FEC1-3234-495B-8505-0D13AB74DB39}.Release|Any CPU.ActiveCfg = Release|Any CPU
		{58C2FEC1-3234-495B-8505-0D13AB74DB39}.Release|Any CPU.Build.0 = Release|Any CPU
	EndGlobalSection
	GlobalSection(SolutionProperties) = preSolution
		HideSolutionNode = FALSE
	EndGlobalSection
	GlobalSection(ExtensibilityGlobals) = postSolution
		SolutionGuid = {A2114C99-4850-44D8-91F4-E34C80F43E91}
	EndGlobalSection
EndGlobal
